
Microsoft Visual Studio Solution File, Format Version 12.00
# Visual Studio Version 17
VisualStudioVersion = 17.0.32002.185
MinimumVisualStudioVersion = 10.0.40219.1
Project("{FAE04EC0-301F-11D3-BF4B-00C04F79EFBC}") = "jQueryAjaxCRUDInASPNETCore", "jQueryAjaxCRUDInASPNETCore\jQueryAjaxCRUDInASPNETCore.csproj", "{6FC3E0A7-8E9A-488E-BE12-B149A70D0929}"
EndProject
Global
	GlobalSection(SolutionConfigurationPlatforms) = preSolution
		Debug|Any CPU = Debug|Any CPU
		Release|Any CPU = Release|Any CPU
	EndGlobalSection
	GlobalSection(ProjectConfigurationPlatforms) = postSolution
		{6FC3E0A7-8E9A-488E-BE12-B149A70D0929}.Debug|Any CPU.ActiveCfg = Debug|Any CPU
		{6FC3E0A7-8E9A-488E-BE12-B149A70D0929}.Debug|Any CPU.Build.0 = Debug|Any CPU
		{6FC3E0A7-8E9A-488E-BE12-B149A70D0929}.Release|Any CPU.ActiveCfg = Release|Any CPU
		{6FC3E0A7-8E9A-488E-BE12-B149A70D0929}.Release|Any CPU.Build.0 = Release|Any CPU
	EndGlobalSection
	GlobalSection(SolutionProperties) = preSolution
		HideSolutionNode = FALSE
	EndGlobalSection
	GlobalSection(ExtensibilityGlobals) = postSolution
		SolutionGuid = {D2C0C313-A6E2-4E7B-9AE5-5E4023619F4B}
	EndGlobalSection
EndGlobal
